
Microsoft Visual Studio Solution File, Format Version 12.00
# Visual Studio 15
VisualStudioVersion = 15.0.28307.902
MinimumVisualStudioVersion = 10.0.40219.1
Project("{FAE04EC0-301F-11D3-BF4B-00C04F79EFBC}") = "Task4", "Task4\Task4.csproj", "{34CC9273-CDE8-4F45-AD8A-CA0BA0F114CE}"
EndProject
Global
	GlobalSection(SolutionConfigurationPlatforms) = preSolution
		Debug|Any CPU = Debug|Any CPU
		Release|Any CPU = Release|Any CPU
	EndGlobalSection
	GlobalSection(ProjectConfigurationPlatforms) = postSolution
		{34CC9273-CDE8-4F45-AD8A-CA0BA0F114CE}.Debug|Any CPU.ActiveCfg = Debug|Any CPU
		{34CC9273-CDE8-4F45-AD8A-CA0BA0F114CE}.Debug|Any CPU.Build.0 = Debug|Any CPU
		{34CC9273-CDE8-4F45-AD8A-CA0BA0F114CE}.Release|Any CPU.ActiveCfg = Release|Any CPU
		{34CC9273-CDE8-4F45-AD8A-CA0BA0F114CE}.Release|Any CPU.Build.0 = Release|Any CPU
	EndGlobalSection
	GlobalSection(SolutionProperties) = preSolution
		HideSolutionNode = FALSE
	EndGlobalSection
	GlobalSection(ExtensibilityGlobals) = postSolution
		SolutionGuid = {18A5E4DA-2CB1-461C-9E92-F73FB118682F}
	EndGlobalSection
EndGlobal
